{
  "name": "desta-play",
  "version": "1.0.0",
  "lockfileVersion": 3,
  "requires": true,
  "packages": {
    "": {
      "name": "desta-play",
      "version": "1.0.0",
      "engines": {
        "node": ">=18"
      },
      "dependencies": {
        "@supabase/supabase-js": "^2.57.0",
        "argon2": "^0.41.1",
        "cors": "^2.8.5",
        "express": "^5.1.0"
      }
    }
  }
}
